
Microsoft Visual Studio Solution File, Format Version 12.00
# Visual Studio 15
VisualStudioVersion = 15.0.28307.539
MinimumVisualStudioVersion = 10.0.40219.1
Project("{FAE04EC0-301F-11D3-BF4B-00C04F79EFBC}") = "BlackJack_QLearning", "BlackJack_QLearning\BlackJack_QLearning.csproj", "{670F61DE-B932-44C2-A498-874256CFA0B0}"
EndProject
Global
	GlobalSection(SolutionConfigurationPlatforms) = preSolution
		Debug|Any CPU = Debug|Any CPU
		Release|Any CPU = Release|Any CPU
	EndGlobalSection
	GlobalSection(ProjectConfigurationPlatforms) = postSolution
		{670F61DE-B932-44C2-A498-874256CFA0B0}.Debug|Any CPU.ActiveCfg = Debug|Any CPU
		{670F61DE-B932-44C2-A498-874256CFA0B0}.Debug|Any CPU.Build.0 = Debug|Any CPU
		{670F61DE-B932-44C2-A498-874256CFA0B0}.Release|Any CPU.ActiveCfg = Release|Any CPU
		{670F61DE-B932-44C2-A498-874256CFA0B0}.Release|Any CPU.Build.0 = Release|Any CPU
	EndGlobalSection
	GlobalSection(SolutionProperties) = preSolution
		HideSolutionNode = FALSE
	EndGlobalSection
	GlobalSection(ExtensibilityGlobals) = postSolution
		SolutionGuid = {ADA70BDF-D07D-4D9C-8929-62F2CE34B046}
	EndGlobalSection
EndGlobal
